
Microsoft Visual Studio Solution File, Format Version 12.00
# Visual Studio Version 16
VisualStudioVersion = 16.0.29905.134
MinimumVisualStudioVersion = 10.0.40219.1
Project("{888888A0-9F3D-457C-B088-3A5042F75D52}") = "scRegulation", "scRegulation.pyproj", "{5BE516C8-717F-4999-9D98-1683A49DDF8D}"
EndProject
Project("{2150E333-8FDC-42A3-9474-1A3956D46DE8}") = "Solution Items", "Solution Items", "{B69DFC2C-27F8-4D13-B7E3-780570C2B486}"
EndProject
Global
	GlobalSection(SolutionConfigurationPlatforms) = preSolution
		Debug|Any CPU = Debug|Any CPU
		Release|Any CPU = Release|Any CPU
	EndGlobalSection
	GlobalSection(ProjectConfigurationPlatforms) = postSolution
		{5BE516C8-717F-4999-9D98-1683A49DDF8D}.Debug|Any CPU.ActiveCfg = Debug|Any CPU
		{5BE516C8-717F-4999-9D98-1683A49DDF8D}.Release|Any CPU.ActiveCfg = Release|Any CPU
	EndGlobalSection
	GlobalSection(SolutionProperties) = preSolution
		HideSolutionNode = FALSE
	EndGlobalSection
	GlobalSection(ExtensibilityGlobals) = postSolution
		SolutionGuid = {68CB6CEF-7173-433E-8E9D-C3C04E986227}
	EndGlobalSection
EndGlobal
